github.com/pkg/errors v0.8.0 h1:WdK/asTD0HN+q6hsWO3/vpuAkAr+tw6aNJNDFFf0+qw=
github.com/pkg/errors v0.8.0/go.mod h1:bwawxfHBFNV+L2hUp1rHADufV3IMtnDRdf1r5NINEl0=
github.com/xinmyname/bitstream-go v1.0.1-0.20210524042257-83c2101522b5 h1:5XePmcBlv6WdO0GMRnwtODo3kpQZI77Tnyu8VuD332M=
github.com/xinmyname/bitstream-go v1.0.1-0.20210524042257-83c2101522b5/go.mod h1:/tcsIkEZFV++qDonZhuwu0rTG4LWV6vVyaASmc1w95Y=
